{
  "requires": true,
  "lockfileVersion": 1,
  "dependencies": {
    "parcel-plugin-svelte": {
      "version": "4.0.4",
      "resolved": "https://registry.npmjs.org/parcel-plugin-svelte/-/parcel-plugin-svelte-4.0.4.tgz",
      "integrity": "sha512-Dgmlw+ULrKw+kxe8ClniuClE55tlW8cFlLRSSJFOgxgWoH7280RG8Rs7GSp90kihliatn+fH2xpj2hYaWqgLPA==",
      "requires": {
        "svelte-dev-helper": "^1.1.7"
      }
    },
    "svelte": {
      "version": "3.14.1",
      "resolved": "https://registry.npmjs.org/svelte/-/svelte-3.14.1.tgz",
      "integrity": "sha512-7gMPjARR9D797MSVaiUkILVfqDaDLKRQAPTGK5kktSmrPWE0iuHRTKIdhpMOa/MSQBM94NMUv8owR4LXrhrgfQ=="
    },
    "svelte-dev-helper": {
      "version": "1.1.9",
      "resolved": "https://registry.npmjs.org/svelte-dev-helper/-/svelte-dev-helper-1.1.9.tgz",
      "integrity": "sha1-fRh9tcbNu9ZNdaMvkbiZi94yc8M="
    }
  }
}
